
Microsoft Visual Studio Solution File, Format Version 12.00
# Visual Studio Version 17
VisualStudioVersion = 17.4.33122.133
MinimumVisualStudioVersion = 10.0.40219.1
Project("{FAE04EC0-301F-11D3-BF4B-00C04F79EFBC}") = "dgv-music-record-store-gallery", "dgv-music-record-store-gallery\dgv-music-record-store-gallery.csproj", "{BBA6842A-4DE7-4951-B24A-2C38F82CB5D4}"
EndProject
Global
	GlobalSection(SolutionConfigurationPlatforms) = preSolution
		Debug|Any CPU = Debug|Any CPU
		Release|Any CPU = Release|Any CPU
	EndGlobalSection
	GlobalSection(ProjectConfigurationPlatforms) = postSolution
		{BBA6842A-4DE7-4951-B24A-2C38F82CB5D4}.Debug|Any CPU.ActiveCfg = Debug|Any CPU
		{BBA6842A-4DE7-4951-B24A-2C38F82CB5D4}.Debug|Any CPU.Build.0 = Debug|Any CPU
		{BBA6842A-4DE7-4951-B24A-2C38F82CB5D4}.Release|Any CPU.ActiveCfg = Release|Any CPU
		{BBA6842A-4DE7-4951-B24A-2C38F82CB5D4}.Release|Any CPU.Build.0 = Release|Any CPU
	EndGlobalSection
	GlobalSection(SolutionProperties) = preSolution
		HideSolutionNode = FALSE
	EndGlobalSection
	GlobalSection(ExtensibilityGlobals) = postSolution
		SolutionGuid = {F453BE36-832A-461E-AF6B-158CCE8E9C2A}
	EndGlobalSection
EndGlobal
